
Microsoft Visual Studio Solution File, Format Version 12.00
# Visual Studio Version 16
VisualStudioVersion = 16.0.30225.117
MinimumVisualStudioVersion = 10.0.40219.1
Project("{FAE04EC0-301F-11D3-BF4B-00C04F79EFBC}") = "SWebApplicationTest", "SWebApplicationTest\SWebApplicationTest.csproj", "{7F376203-5002-4AF6-B58E-6C5C571FB895}"
EndProject
Global
	GlobalSection(SolutionConfigurationPlatforms) = preSolution
		Debug|Any CPU = Debug|Any CPU
		Release|Any CPU = Release|Any CPU
	EndGlobalSection
	GlobalSection(ProjectConfigurationPlatforms) = postSolution
		{7F376203-5002-4AF6-B58E-6C5C571FB895}.Debug|Any CPU.ActiveCfg = Debug|Any CPU
		{7F376203-5002-4AF6-B58E-6C5C571FB895}.Debug|Any CPU.Build.0 = Debug|Any CPU
		{7F376203-5002-4AF6-B58E-6C5C571FB895}.Release|Any CPU.ActiveCfg = Release|Any CPU
		{7F376203-5002-4AF6-B58E-6C5C571FB895}.Release|Any CPU.Build.0 = Release|Any CPU
	EndGlobalSection
	GlobalSection(SolutionProperties) = preSolution
		HideSolutionNode = FALSE
	EndGlobalSection
	GlobalSection(ExtensibilityGlobals) = postSolution
		SolutionGuid = {229AEF4C-5A57-4988-A455-607E37D9AD58}
	EndGlobalSection
EndGlobal
